
Microsoft Visual Studio Solution File, Format Version 12.00
# Visual Studio Version 16
VisualStudioVersion = 16.0.31624.102
MinimumVisualStudioVersion = 10.0.40219.1
Project("{8BC9CEB8-8B4A-11D0-8D11-00A0C91BC942}") = "milestone 1 advanced", "milestone 1 advanced.vcxproj", "{3B3D44FF-6463-4B2E-8C03-2B6A6F9014BC}"
EndProject
Global
	GlobalSection(SolutionConfigurationPlatforms) = preSolution
		Debug|x64 = Debug|x64
		Debug|x86 = Debug|x86
		Release|x64 = Release|x64
		Release|x86 = Release|x86
	EndGlobalSection
	GlobalSection(ProjectConfigurationPlatforms) = postSolution
		{3B3D44FF-6463-4B2E-8C03-2B6A6F9014BC}.Debug|x64.ActiveCfg = Debug|x64
		{3B3D44FF-6463-4B2E-8C03-2B6A6F9014BC}.Debug|x64.Build.0 = Debug|x64
		{3B3D44FF-6463-4B2E-8C03-2B6A6F9014BC}.Debug|x86.ActiveCfg = Debug|Win32
		{3B3D44FF-6463-4B2E-8C03-2B6A6F9014BC}.Debug|x86.Build.0 = Debug|Win32
		{3B3D44FF-6463-4B2E-8C03-2B6A6F9014BC}.Release|x64.ActiveCfg = Release|x64
		{3B3D44FF-6463-4B2E-8C03-2B6A6F9014BC}.Release|x64.Build.0 = Release|x64
		{3B3D44FF-6463-4B2E-8C03-2B6A6F9014BC}.Release|x86.ActiveCfg = Release|Win32
		{3B3D44FF-6463-4B2E-8C03-2B6A6F9014BC}.Release|x86.Build.0 = Release|Win32
	EndGlobalSection
	GlobalSection(SolutionProperties) = preSolution
		HideSolutionNode = FALSE
	EndGlobalSection
	GlobalSection(ExtensibilityGlobals) = postSolution
		SolutionGuid = {6E7614BC-6427-4E4B-94A9-F6DC207B479E}
	EndGlobalSection
EndGlobal
